
Microsoft Visual Studio Solution File, Format Version 12.00
# Visual Studio Version 17
VisualStudioVersion = 17.3.32804.467
MinimumVisualStudioVersion = 10.0.40219.1
Project("{FAE04EC0-301F-11D3-BF4B-00C04F79EFBC}") = "DigitalClock", "DigitalClock\DigitalClock.csproj", "{ECB1C77B-228A-4395-822C-806A8CFB1660}"
EndProject
Global
	GlobalSection(SolutionConfigurationPlatforms) = preSolution
		Debug|Any CPU = Debug|Any CPU
		Release|Any CPU = Release|Any CPU
	EndGlobalSection
	GlobalSection(ProjectConfigurationPlatforms) = postSolution
		{ECB1C77B-228A-4395-822C-806A8CFB1660}.Debug|Any CPU.ActiveCfg = Debug|Any CPU
		{ECB1C77B-228A-4395-822C-806A8CFB1660}.Debug|Any CPU.Build.0 = Debug|Any CPU
		{ECB1C77B-228A-4395-822C-806A8CFB1660}.Release|Any CPU.ActiveCfg = Release|Any CPU
		{ECB1C77B-228A-4395-822C-806A8CFB1660}.Release|Any CPU.Build.0 = Release|Any CPU
	EndGlobalSection
	GlobalSection(SolutionProperties) = preSolution
		HideSolutionNode = FALSE
	EndGlobalSection
	GlobalSection(ExtensibilityGlobals) = postSolution
		SolutionGuid = {82D46F0C-C268-40A6-A86F-756E67A1B5C1}
	EndGlobalSection
EndGlobal
